// !$*UTF8*$!
{
	archiveVersion = 1;
	classes = {
	};
	objectVersion = 56;
	objects = {

/* Begin PBXBuildFile section */
		88169D082ADF0A1700BAB7D4 /* Movable_GridsApp.swift in Sources */ = {isa = PBXBuildFile; fileRef = 88169D072ADF0A1700BAB7D4 /* Movable_GridsApp.swift */; };
		88169D0A2ADF0A1700BAB7D4 /* ContentView.swift in Sources */ = {isa = PBXBuildFile; fileRef = 88169D092ADF0A1700BAB7D4 /* ContentView.swift */; };
		88169D0C2ADF0A1B00BAB7D4 /* Assets.xcassets in Resources */ = {isa = PBXBuildFile; fileRef = 88169D0B2ADF0A1B00BAB7D4 /* Assets.xcassets */; };
		88169D0F2ADF0A1B00BAB7D4 /* Preview Assets.xcassets in Resources */ = {isa = PBXBuildFile; fileRef = 88169D0E2ADF0A1B00BAB7D4 /* Preview Assets.xcassets */; };
		88169D192ADF0A1B00BAB7D4 /* Movable_GridsTests.swift in Sources */ = {isa = PBXBuildFile; fileRef = 88169D182ADF0A1B00BAB7D4 /* Movable_GridsTests.swift */; };
		88169D232ADF0A1B00BAB7D4 /* Movable_GridsUITests.swift in Sources */ = {isa = PBXBuildFile; fileRef = 88169D222ADF0A1B00BAB7D4 /* Movable_GridsUITests.swift */; };
		88169D252ADF0A1B00BAB7D4 /* Movable_GridsUITestsLaunchTests.swift in Sources */ = {isa = PBXBuildFile; fileRef = 88169D242ADF0A1B00BAB7D4 /* Movable_GridsUITestsLaunchTests.swift */; };
/* End PBXBuildFile section */

/* Begin PBXContainerItemProxy section */
		88169D152ADF0A1B00BAB7D4 /* PBXContainerItemProxy */ = {
			isa = PBXContainerItemProxy;
			containerPortal = 88169CFC2ADF0A1700BAB7D4 /* Project object */;
			proxyType = 1;
			remoteGlobalIDString = 88169D032ADF0A1700BAB7D4;
			remoteInfo = Movable_Grids;
		};
		88169D1F2ADF0A1B00BAB7D4 /* PBXContainerItemProxy */ = {
			isa = PBXContainerItemProxy;
			containerPortal = 88169CFC2ADF0A1700BAB7D4 /* Project object */;
			proxyType = 1;
			remoteGlobalIDString = 88169D032ADF0A1700BAB7D4;
			remoteInfo = Movable_Grids;
		};
/* End PBXContainerItemProxy section */

/* Begin PBXFileReference section */
		88169D042ADF0A1700BAB7D4 /* Movable_Grids.app */ = {isa = PBXFileReference; explicitFileType = wrapper.application; includeInIndex = 0; path = Movable_Grids.app; sourceTree = BUILT_PRODUCTS_DIR; };
		88169D072ADF0A1700BAB7D4 /* Movable_GridsApp.swift */ = {isa = PBXFileReference; lastKnownFileType = sourcecode.swift; path = Movable_GridsApp.swift; sourceTree = "<group>"; };
		88169D092ADF0A1700BAB7D4 /* ContentView.swift */ = {isa = PBXFileReference; lastKnownFileType = sourcecode.swift; path = ContentView.swift; sourceTree = "<group>"; };
		88169D0B2ADF0A1B00BAB7D4 /* Assets.xcassets */ = {isa = PBXFileReference; lastKnownFileType = folder.assetcatalog; path = Assets.xcassets; sourceTree = "<group>"; };
		88169D0E2ADF0A1B00BAB7D4 /* Preview Assets.xcassets */ = {isa = PBXFileReference; lastKnownFileType = folder.assetcatalog; path = "Preview Assets.xcassets"; sourceTree = "<group>"; };
		88169D142ADF0A1B00BAB7D4 /* Movable_GridsTests.xctest */ = {isa = PBXFileReference; explicitFileType = wrapper.cfbundle; includeInIndex = 0; path = Movable_GridsTests.xctest; sourceTree = BUILT_PRODUCTS_DIR; };
		88169D182ADF0A1B00BAB7D4 /* Movable_GridsTests.swift */ = {isa = PBXFileReference; lastKnownFileType = sourcecode.swift; path = Movable_GridsTests.swift; sourceTree = "<group>"; };
		88169D1E2ADF0A1B00BAB7D4 /* Movable_GridsUITests.xctest */ = {isa = PBXFileReference; explicitFileType = wrapper.cfbundle; includeInIndex = 0; path = Movable_GridsUITests.xctest; sourceTree = BUILT_PRODUCTS_DIR; };
		88169D222ADF0A1B00BAB7D4 /* Movable_GridsUITests.swift */ = {isa = PBXFileReference; lastKnownFileType = sourcecode.swift; path = Movable_GridsUITests.swift; sourceTree = "<group>"; };
		88169D242ADF0A1B00BAB7D4 /* Movable_GridsUITestsLaunchTests.swift */ = {isa = PBXFileReference; lastKnownFileType = sourcecode.swift; path = Movable_GridsUITestsLaunchTests.swift; sourceTree = "<group>"; };
/* End PBXFileReference section */

/* Begin PBXFrameworksBuildPhase section */
		88169D012ADF0A1700BAB7D4 /* Frameworks */ = {
			isa = PBXFrameworksBuildPhase;
			buildActionMask = 2147483647;
			files = (
			);
			runOnlyForDeploymentPostprocessing = 0;
		};
		88169D112ADF0A1B00BAB7D4 /* Frameworks */ = {
			isa = PBXFrameworksBuildPhase;
			buildActionMask = 2147483647;
			files = (
			);
			runOnlyForDeploymentPostprocessing = 0;
		};
		88169D1B2ADF0A1B00BAB7D4 /* Frameworks */ = {
			isa = PBXFrameworksBuildPhase;
			buildActionMask = 2147483647;
			files = (
			);
			runOnlyForDeploymentPostprocessing = 0;
		};
/* End PBXFrameworksBuildPhase section */

/* Begin PBXGroup section */
		88169CFB2ADF0A1700BAB7D4 = {
			isa = PBXGroup;
			children = (
				88169D062ADF0A1700BAB7D4 /* Movable_Grids */,
				88169D172ADF0A1B00BAB7D4 /* Movable_GridsTests */,
				88169D212ADF0A1B00BAB7D4 /* Movable_GridsUITests */,
				88169D052ADF0A1700BAB7D4 /* Products */,
			);
			sourceTree = "<group>";
		};
		88169D052ADF0A1700BAB7D4 /* Products */ = {
			isa = PBXGroup;
			children = (
				88169D042ADF0A1700BAB7D4 /* Movable_Grids.app */,
				88169D142ADF0A1B00BAB7D4 /* Movable_GridsTests.xctest */,
				88169D1E2ADF0A1B00BAB7D4 /* Movable_GridsUITests.xctest */,
			);
			name = Products;
			sourceTree = "<group>";
		};
		88169D062ADF0A1700BAB7D4 /* Movable_Grids */ = {
			isa = PBXGroup;
			children = (
				88169D072ADF0A1700BAB7D4 /* Movable_GridsApp.swift */,
				88169D092ADF0A1700BAB7D4 /* ContentView.swift */,
				88169D0B2ADF0A1B00BAB7D4 /* Assets.xcassets */,
				88169D0D2ADF0A1B00BAB7D4 /* Preview Content */,
			);
			path = Movable_Grids;
			sourceTree = "<group>";
		};
		88169D0D2ADF0A1B00BAB7D4 /* Preview Content */ = {
			isa = PBXGroup;
			children = (
				88169D0E2ADF0A1B00BAB7D4 /* Preview Assets.xcassets */,
			);
			path = "Preview Content";
			sourceTree = "<group>";
		};
		88169D172ADF0A1B00BAB7D4 /* Movable_GridsTests */ = {
			isa = PBXGroup;
			children = (
				88169D182ADF0A1B00BAB7D4 /* Movable_GridsTests.swift */,
			);
			path = Movable_GridsTests;
			sourceTree = "<group>";
		};
		88169D212ADF0A1B00BAB7D4 /* Movable_GridsUITests */ = {
			isa = PBXGroup;
			children = (
				88169D222ADF0A1B00BAB7D4 /* Movable_GridsUITests.swift */,
				88169D242ADF0A1B00BAB7D4 /* Movable_GridsUITestsLaunchTests.swift */,
			);
			path = Movable_GridsUITests;
			sourceTree = "<group>";
		};
/* End PBXGroup section */

/* Begin PBXNativeTarget section */
		88169D032ADF0A1700BAB7D4 /* Movable_Grids */ = {
			isa = PBXNativeTarget;
			buildConfigurationList = 88169D282ADF0A1B00BAB7D4 /* Build configuration list for PBXNativeTarget "Movable_Grids" */;
			buildPhases = (
				88169D002ADF0A1700BAB7D4 /* Sources */,
				88169D012ADF0A1700BAB7D4 /* Frameworks */,
				88169D022ADF0A1700BAB7D4 /* Resources */,
			);
			buildRules = (
			);
			dependencies = (
			);
			name = Movable_Grids;
			productName = Movable_Grids;
			productReference = 88169D042ADF0A1700BAB7D4 /* Movable_Grids.app */;
			productType = "com.apple.product-type.application";
		};
		88169D132ADF0A1B00BAB7D4 /* Movable_GridsTests */ = {
			isa = PBXNativeTarget;
			buildConfigurationList = 88169D2B2ADF0A1B00BAB7D4 /* Build configuration list for PBXNativeTarget "Movable_GridsTests" */;
			buildPhases = (
				88169D102ADF0A1B00BAB7D4 /* Sources */,
				88169D112ADF0A1B00BAB7D4 /* Frameworks */,
				88169D122ADF0A1B00BAB7D4 /* Resources */,
			);
			buildRules = (
			);
			dependencies = (
				88169D162ADF0A1B00BAB7D4 /* PBXTargetDependency */,
			);
			name = Movable_GridsTests;
			productName = Movable_GridsTests;
			productReference = 88169D142ADF0A1B00BAB7D4 /* Movable_GridsTests.xctest */;
			productType = "com.apple.product-type.bundle.unit-test";
		};
		88169D1D2ADF0A1B00BAB7D4 /* Movable_GridsUITests */ = {
			isa = PBXNativeTarget;
			buildConfigurationList = 88169D2E2ADF0A1B00BAB7D4 /* Build configuration list for PBXNativeTarget "Movable_GridsUITests" */;
			buildPhases = (
				88169D1A2ADF0A1B00BAB7D4 /* Sources */,
				88169D1B2ADF0A1B00BAB7D4 /* Frameworks */,
				88169D1C2ADF0A1B00BAB7D4 /* Resources */,
			);
			buildRules = (
			);
			dependencies = (
				88169D202ADF0A1B00BAB7D4 /* PBXTargetDependency */,
			);
			name = Movable_GridsUITests;
			productName = Movable_GridsUITests;
			productReference = 88169D1E2ADF0A1B00BAB7D4 /* Movable_GridsUITests.xctest */;
			productType = "com.apple.product-type.bundle.ui-testing";
		};
/* End PBXNativeTarget section */

/* Begin PBXProject section */
		88169CFC2ADF0A1700BAB7D4 /* Project object */ = {
			isa = PBXProject;
			attributes = {
				BuildIndependentTargetsInParallel = 1;
				LastSwiftUpdateCheck = 1430;
				LastUpgradeCheck = 1430;
				TargetAttributes = {
					88169D032ADF0A1700BAB7D4 = {
						CreatedOnToolsVersion = 14.3;
					};
					88169D132ADF0A1B00BAB7D4 = {
						CreatedOnToolsVersion = 14.3;
						TestTargetID = 88169D032ADF0A1700BAB7D4;
					};
					88169D1D2ADF0A1B00BAB7D4 = {
						CreatedOnToolsVersion = 14.3;
						TestTargetID = 88169D032ADF0A1700BAB7D4;
					};
				};
			};
			buildConfigurationList = 88169CFF2ADF0A1700BAB7D4 /* Build configuration list for PBXProject "Movable_Grids" */;
			compatibilityVersion = "Xcode 14.0";
			developmentRegion = en;
			hasScannedForEncodings = 0;
			knownRegions = (
				en,
				Base,
			);
			mainGroup = 88169CFB2ADF0A1700BAB7D4;
			productRefGroup = 88169D052ADF0A1700BAB7D4 /* Products */;
			projectDirPath = "";
			projectRoot = "";
			targets = (
				88169D032ADF0A1700BAB7D4 /* Movable_Grids */,
				88169D132ADF0A1B00BAB7D4 /* Movable_GridsTests */,
				88169D1D2ADF0A1B00BAB7D4 /* Movable_GridsUITests */,
			);
		};
/* End PBXProject section */

/* Begin PBXResourcesBuildPhase section */
		88169D022ADF0A1700BAB7D4 /* Resources */ = {
			isa = PBXResourcesBuildPhase;
			buildActionMask = 2147483647;
			files = (
				88169D0F2ADF0A1B00BAB7D4 /* Preview Assets.xcassets in Resources */,
				88169D0C2ADF0A1B00BAB7D4 /* Assets.xcassets in Resources */,
			);
			runOnlyForDeploymentPostprocessing = 0;
		};
		88169D122ADF0A1B00BAB7D4 /* Resources */ = {
			isa = PBXResourcesBuildPhase;
			buildActionMask = 2147483647;
			files = (
			);
			runOnlyForDeploymentPostprocessing = 0;
		};
		88169D1C2ADF0A1B00BAB7D4 /* Resources */ = {
			isa = PBXResourcesBuildPhase;
			buildActionMask = 2147483647;
			files = (
			);
			runOnlyForDeploymentPostprocessing = 0;
		};
/* End PBXResourcesBuildPhase section */

/* Begin PBXSourcesBuildPhase section */
		88169D002ADF0A1700BAB7D4 /* Sources */ = {
			isa = PBXSourcesBuildPhase;
			buildActionMask = 2147483647;
			files = (
				88169D0A2ADF0A1700BAB7D4 /* ContentView.swift in Sources */,
				88169D082ADF0A1700BAB7D4 /* Movable_GridsApp.swift in Sources */,
			);
			runOnlyForDeploymentPostprocessing = 0;
		};
		88169D102ADF0A1B00BAB7D4 /* Sources */ = {
			isa = PBXSourcesBuildPhase;
			buildActionMask = 2147483647;
			files = (
				88169D192ADF0A1B00BAB7D4 /* Movable_GridsTests.swift in Sources */,
			);
			runOnlyForDeploymentPostprocessing = 0;
		};
		88169D1A2ADF0A1B00BAB7D4 /* Sources */ = {
			isa = PBXSourcesBuildPhase;
			buildActionMask = 2147483647;
			files = (
				88169D232ADF0A1B00BAB7D4 /* Movable_GridsUITests.swift in Sources */,
				88169D252ADF0A1B00BAB7D4 /* Movable_GridsUITestsLaunchTests.swift in Sources */,
			);
			runOnlyForDeploymentPostprocessing = 0;
		};
/* End PBXSourcesBuildPhase section */

/* Begin PBXTargetDependency section */
		88169D162ADF0A1B00BAB7D4 /* PBXTargetDependency */ = {
			isa = PBXTargetDependency;
			target = 88169D032ADF0A1700BAB7D4 /* Movable_Grids */;
			targetProxy = 88169D152ADF0A1B00BAB7D4 /* PBXContainerItemProxy */;
		};
		88169D202ADF0A1B00BAB7D4 /* PBXTargetDependency */ = {
			isa = PBXTargetDependency;
			target = 88169D032ADF0A1700BAB7D4 /* Movable_Grids */;
			targetProxy = 88169D1F2ADF0A1B00BAB7D4 /* PBXContainerItemProxy */;
		};
/* End PBXTargetDependency section */

/* Begin XCBuildConfiguration section */
		88169D262ADF0A1B00BAB7D4 /* Debug */ = {
			isa = XCBuildConfiguration;
			buildSettings = {
				ALWAYS_SEARCH_USER_PATHS = NO;
				CLANG_ANALYZER_NONNULL = YES;
				CLANG_ANALYZER_NUMBER_OBJECT_CONVERSION = YES_AGGRESSIVE;
				CLANG_CXX_LANGUAGE_STANDARD = "gnu++20";
				CLANG_ENABLE_MODULES = YES;
				CLANG_ENABLE_OBJC_ARC = YES;
				CLANG_ENABLE_OBJC_WEAK = YES;
				CLANG_WARN_BLOCK_CAPTURE_AUTORELEASING = YES;
				CLANG_WARN_BOOL_CONVERSION = YES;
				CLANG_WARN_COMMA = YES;
				CLANG_WARN_CONSTANT_CONVERSION = YES;
				CLANG_WARN_DEPRECATED_OBJC_IMPLEMENTATIONS = YES;
				CLANG_WARN_DIRECT_OBJC_ISA_USAGE = YES_ERROR;
				CLANG_WARN_DOCUMENTATION_COMMENTS = YES;
				CLANG_WARN_EMPTY_BODY = YES;
				CLANG_WARN_ENUM_CONVERSION = YES;
				CLANG_WARN_INFINITE_RECURSION = YES;
				CLANG_WARN_INT_CONVERSION = YES;
				CLANG_WARN_NON_LITERAL_NULL_CONVERSION = YES;
				CLANG_WARN_OBJC_IMPLICIT_RETAIN_SELF = YES;
				CLANG_WARN_OBJC_LITERAL_CONVERSION = YES;
				CLANG_WARN_OBJC_ROOT_CLASS = YES_ERROR;
				CLANG_WARN_QUOTED_INCLUDE_IN_FRAMEWORK_HEADER = YES;
				CLANG_WARN_RANGE_LOOP_ANALYSIS = YES;
				CLANG_WARN_STRICT_PROTOTYPES = YES;
				CLANG_WARN_SUSPICIOUS_MOVE = YES;
				CLANG_WARN_UNGUARDED_AVAILABILITY = YES_AGGRESSIVE;
				CLANG_WARN_UNREACHABLE_CODE = YES;
				CLANG_WARN__DUPLICATE_METHOD_MATCH = YES;
				COPY_PHASE_STRIP = NO;
				DEBUG_INFORMATION_FORMAT = dwarf;
				ENABLE_STRICT_OBJC_MSGSEND = YES;
				ENABLE_TESTABILITY = YES;
				GCC_C_LANGUAGE_STANDARD = gnu11;
				GCC_DYNAMIC_NO_PIC = NO;
				GCC_NO_COMMON_BLOCKS = YES;
				GCC_OPTIMIZATION_LEVEL = 0;
				GCC_PREPROCESSOR_DEFINITIONS = (
					"DEBUG=1",
					"$(inherited)",
				);
				GCC_WARN_64_TO_32_BIT_CONVERSION = YES;
				GCC_WARN_ABOUT_RETURN_TYPE = YES_ERROR;
				GCC_WARN_UNDECLARED_SELECTOR = YES;
				GCC_WARN_UNINITIALIZED_AUTOS = YES_AGGRESSIVE;
				GCC_WARN_UNUSED_FUNCTION = YES;
				GCC_WARN_UNUSED_VARIABLE = YES;
				IPHONEOS_DEPLOYMENT_TARGET = 16.4;
				MTL_ENABLE_DEBUG_INFO = INCLUDE_SOURCE;
				MTL_FAST_MATH = YES;
				ONLY_ACTIVE_ARCH = YES;
				SDKROOT = iphoneos;
				SWIFT_ACTIVE_COMPILATION_CONDITIONS = DEBUG;
				SWIFT_OPTIMIZATION_LEVEL = "-Onone";
			};
			name = Debug;
		};
		88169D272ADF0A1B00BAB7D4 /* Release */ = {
			isa = XCBuildConfiguration;
			buildSettings = {
				ALWAYS_SEARCH_USER_PATHS = NO;
				CLANG_ANALYZER_NONNULL = YES;
				CLANG_ANALYZER_NUMBER_OBJECT_CONVERSION = YES_AGGRESSIVE;
				CLANG_CXX_LANGUAGE_STANDARD = "gnu++20";
				CLANG_ENABLE_MODULES = YES;
				CLANG_ENABLE_OBJC_ARC = YES;
				CLANG_ENABLE_OBJC_WEAK = YES;
				CLANG_WARN_BLOCK_CAPTURE_AUTORELEASING = YES;
				CLANG_WARN_BOOL_CONVERSION = YES;
				CLANG_WARN_COMMA = YES;
				CLANG_WARN_CONSTANT_CONVERSION = YES;
				CLANG_WARN_DEPRECATED_OBJC_IMPLEMENTATIONS = YES;
				CLANG_WARN_DIRECT_OBJC_ISA_USAGE = YES_ERROR;
				CLANG_WARN_DOCUMENTATION_COMMENTS = YES;
				CLANG_WARN_EMPTY_BODY = YES;
				CLANG_WARN_ENUM_CONVERSION = YES;
				CLANG_WARN_INFINITE_RECURSION = YES;
				CLANG_WARN_INT_CONVERSION = YES;
				CLANG_WARN_NON_LITERAL_NULL_CONVERSION = YES;
				CLANG_WARN_OBJC_IMPLICIT_RETAIN_SELF = YES;
				CLANG_WARN_OBJC_LITERAL_CONVERSION = YES;
				CLANG_WARN_OBJC_ROOT_CLASS = YES_ERROR;
				CLANG_WARN_QUOTED_INCLUDE_IN_FRAMEWORK_HEADER = YES;
				CLANG_WARN_RANGE_LOOP_ANALYSIS = YES;
				CLANG_WARN_STRICT_PROTOTYPES = YES;
				CLANG_WARN_SUSPICIOUS_MOVE = YES;
				CLANG_WARN_UNGUARDED_AVAILABILITY = YES_AGGRESSIVE;
				CLANG_WARN_UNREACHABLE_CODE = YES;
				CLANG_WARN__DUPLICATE_METHOD_MATCH = YES;
				COPY_PHASE_STRIP = NO;
				DEBUG_INFORMATION_FORMAT = "dwarf-with-dsym";
				ENABLE_NS_ASSERTIONS = NO;
				ENABLE_STRICT_OBJC_MSGSEND = YES;
				GCC_C_LANGUAGE_STANDARD = gnu11;
				GCC_NO_COMMON_BLOCKS = YES;
				GCC_WARN_64_TO_32_BIT_CONVERSION = YES;
				GCC_WARN_ABOUT_RETURN_TYPE = YES_ERROR;
				GCC_WARN_UNDECLARED_SELECTOR = YES;
				GCC_WARN_UNINITIALIZED_AUTOS = YES_AGGRESSIVE;
				GCC_WARN_UNUSED_FUNCTION = YES;
				GCC_WARN_UNUSED_VARIABLE = YES;
				IPHONEOS_DEPLOYMENT_TARGET = 16.4;
				MTL_ENABLE_DEBUG_INFO = NO;
				MTL_FAST_MATH = YES;
				SDKROOT = iphoneos;
				SWIFT_COMPILATION_MODE = wholemodule;
				SWIFT_OPTIMIZATION_LEVEL = "-O";
				VALIDATE_PRODUCT = YES;
			};
			name = Release;
		};
		88169D292ADF0A1B00BAB7D4 /* Debug */ = {
			isa = XCBuildConfiguration;
			buildSettings = {
				ASSETCATALOG_COMPILER_APPICON_NAME = AppIcon;
				ASSETCATALOG_COMPILER_GLOBAL_ACCENT_COLOR_NAME = AccentColor;
				CODE_SIGN_STYLE = Automatic;
				CURRENT_PROJECT_VERSION = 1;
				DEVELOPMENT_ASSET_PATHS = "\"Movable_Grids/Preview Content\"";
				DEVELOPMENT_TEAM = U4R2DVFMW2;
				ENABLE_PREVIEWS = YES;
				GENERATE_INFOPLIST_FILE = YES;
				INFOPLIST_KEY_UIApplicationSceneManifest_Generation = YES;
				INFOPLIST_KEY_UIApplicationSupportsIndirectInputEvents = YES;
				INFOPLIST_KEY_UILaunchScreen_Generation = YES;
				INFOPLIST_KEY_UISupportedInterfaceOrientations_iPad = "UIInterfaceOrientationPortrait UIInterfaceOrientationPortraitUpsideDown UIInterfaceOrientationLandscapeLeft UIInterfaceOrientationLandscapeRight";
				INFOPLIST_KEY_UISupportedInterfaceOrientations_iPhone = "UIInterfaceOrientationPortrait UIInterfaceOrientationLandscapeLeft UIInterfaceOrientationLandscapeRight";
				LD_RUNPATH_SEARCH_PATHS = (
					"$(inherited)",
					"@executable_path/Frameworks",
				);
				MARKETING_VERSION = 1.0;
				PRODUCT_BUNDLE_IDENTIFIER = "Movable-Grids.Movable-Grids";
				PRODUCT_NAME = "$(TARGET_NAME)";
				SWIFT_EMIT_LOC_STRINGS = YES;
				SWIFT_VERSION = 5.0;
				TARGETED_DEVICE_FAMILY = "1,2";
			};
			name = Debug;
		};
		88169D2A2ADF0A1B00BAB7D4 /* Release */ = {
			isa = XCBuildConfiguration;
			buildSettings = {
				ASSETCATALOG_COMPILER_APPICON_NAME = AppIcon;
				ASSETCATALOG_COMPILER_GLOBAL_ACCENT_COLOR_NAME = AccentColor;
				CODE_SIGN_STYLE = Automatic;
				CURRENT_PROJECT_VERSION = 1;
				DEVELOPMENT_ASSET_PATHS = "\"Movable_Grids/Preview Content\"";
				DEVELOPMENT_TEAM = U4R2DVFMW2;
				ENABLE_PREVIEWS = YES;
				GENERATE_INFOPLIST_FILE = YES;
				INFOPLIST_KEY_UIApplicationSceneManifest_Generation = YES;
				INFOPLIST_KEY_UIApplicationSupportsIndirectInputEvents = YES;
				INFOPLIST_KEY_UILaunchScreen_Generation = YES;
				INFOPLIST_KEY_UISupportedInterfaceOrientations_iPad = "UIInterfaceOrientationPortrait UIInterfaceOrientationPortraitUpsideDown UIInterfaceOrientationLandscapeLeft UIInterfaceOrientationLandscapeRight";
				INFOPLIST_KEY_UISupportedInterfaceOrientations_iPhone = "UIInterfaceOrientationPortrait UIInterfaceOrientationLandscapeLeft UIInterfaceOrientationLandscapeRight";
				LD_RUNPATH_SEARCH_PATHS = (
					"$(inherited)",
					"@executable_path/Frameworks",
				);
				MARKETING_VERSION = 1.0;
				PRODUCT_BUNDLE_IDENTIFIER = "Movable-Grids.Movable-Grids";
				PRODUCT_NAME = "$(TARGET_NAME)";
				SWIFT_EMIT_LOC_STRINGS = YES;
				SWIFT_VERSION = 5.0;
				TARGETED_DEVICE_FAMILY = "1,2";
			};
			name = Release;
		};
		88169D2C2ADF0A1B00BAB7D4 /* Debug */ = {
			isa = XCBuildConfiguration;
			buildSettings = {
				ALWAYS_EMBED_SWIFT_STANDARD_LIBRARIES = YES;
				BUNDLE_LOADER = "$(TEST_HOST)";
				CODE_SIGN_STYLE = Automatic;
				CURRENT_PROJECT_VERSION = 1;
				DEVELOPMENT_TEAM = U4R2DVFMW2;
				GENERATE_INFOPLIST_FILE = YES;
				IPHONEOS_DEPLOYMENT_TARGET = 16.4;
				MARKETING_VERSION = 1.0;
				PRODUCT_BUNDLE_IDENTIFIER = "Movable-Grids.Movable-GridsTests";
				PRODUCT_NAME = "$(TARGET_NAME)";
				SWIFT_EMIT_LOC_STRINGS = NO;
				SWIFT_VERSION = 5.0;
				TARGETED_DEVICE_FAMILY = "1,2";
				TEST_HOST = "$(BUILT_PRODUCTS_DIR)/Movable_Grids.app/$(BUNDLE_EXECUTABLE_FOLDER_PATH)/Movable_Grids";
			};
			name = Debug;
		};
		88169D2D2ADF0A1B00BAB7D4 /* Release */ = {
			isa = XCBuildConfiguration;
			buildSettings = {
				ALWAYS_EMBED_SWIFT_STANDARD_LIBRARIES = YES;
				BUNDLE_LOADER = "$(TEST_HOST)";
				CODE_SIGN_STYLE = Automatic;
				CURRENT_PROJECT_VERSION = 1;
				DEVELOPMENT_TEAM = U4R2DVFMW2;
				GENERATE_INFOPLIST_FILE = YES;
				IPHONEOS_DEPLOYMENT_TARGET = 16.4;
				MARKETING_VERSION = 1.0;
				PRODUCT_BUNDLE_IDENTIFIER = "Movable-Grids.Movable-GridsTests";
				PRODUCT_NAME = "$(TARGET_NAME)";
				SWIFT_EMIT_LOC_STRINGS = NO;
				SWIFT_VERSION = 5.0;
				TARGETED_DEVICE_FAMILY = "1,2";
				TEST_HOST = "$(BUILT_PRODUCTS_DIR)/Movable_Grids.app/$(BUNDLE_EXECUTABLE_FOLDER_PATH)/Movable_Grids";
			};
			name = Release;
		};
		88169D2F2ADF0A1B00BAB7D4 /* Debug */ = {
			isa = XCBuildConfiguration;
			buildSettings = {
				ALWAYS_EMBED_SWIFT_STANDARD_LIBRARIES = YES;
				CODE_SIGN_STYLE = Automatic;
				CURRENT_PROJECT_VERSION = 1;
				DEVELOPMENT_TEAM = U4R2DVFMW2;
				GENERATE_INFOPLIST_FILE = YES;
				MARKETING_VERSION = 1.0;
				PRODUCT_BUNDLE_IDENTIFIER = "Movable-Grids.Movable-GridsUITests";
				PRODUCT_NAME = "$(TARGET_NAME)";
				SWIFT_EMIT_LOC_STRINGS = NO;
				SWIFT_VERSION = 5.0;
				TARGETED_DEVICE_FAMILY = "1,2";
				TEST_TARGET_NAME = Movable_Grids;
			};
			name = Debug;
		};
		88169D302ADF0A1B00BAB7D4 /* Release */ = {
			isa = XCBuildConfiguration;
			buildSettings = {
				ALWAYS_EMBED_SWIFT_STANDARD_LIBRARIES = YES;
				CODE_SIGN_STYLE = Automatic;
				CURRENT_PROJECT_VERSION = 1;
				DEVELOPMENT_TEAM = U4R2DVFMW2;
				GENERATE_INFOPLIST_FILE = YES;
				MARKETING_VERSION = 1.0;
				PRODUCT_BUNDLE_IDENTIFIER = "Movable-Grids.Movable-GridsUITests";
				PRODUCT_NAME = "$(TARGET_NAME)";
				SWIFT_EMIT_LOC_STRINGS = NO;
				SWIFT_VERSION = 5.0;
				TARGETED_DEVICE_FAMILY = "1,2";
				TEST_TARGET_NAME = Movable_Grids;
			};
			name = Release;
		};
/* End XCBuildConfiguration section */

/* Begin XCConfigurationList section */
		88169CFF2ADF0A1700BAB7D4 /* Build configuration list for PBXProject "Movable_Grids" */ = {
			isa = XCConfigurationList;
			buildConfigurations = (
				88169D262ADF0A1B00BAB7D4 /* Debug */,
				88169D272ADF0A1B00BAB7D4 /* Release */,
			);
			defaultConfigurationIsVisible = 0;
			defaultConfigurationName = Release;
		};
		88169D282ADF0A1B00BAB7D4 /* Build configuration list for PBXNativeTarget "Movable_Grids" */ = {
			isa = XCConfigurationList;
			buildConfigurations = (
				88169D292ADF0A1B00BAB7D4 /* Debug */,
				88169D2A2ADF0A1B00BAB7D4 /* Release */,
			);
			defaultConfigurationIsVisible = 0;
			defaultConfigurationName = Release;
		};
		88169D2B2ADF0A1B00BAB7D4 /* Build configuration list for PBXNativeTarget "Movable_GridsTests" */ = {
			isa = XCConfigurationList;
			buildConfigurations = (
				88169D2C2ADF0A1B00BAB7D4 /* Debug */,
				88169D2D2ADF0A1B00BAB7D4 /* Release */,
			);
			defaultConfigurationIsVisible = 0;
			defaultConfigurationName = Release;
		};
		88169D2E2ADF0A1B00BAB7D4 /* Build configuration list for PBXNativeTarget "Movable_GridsUITests" */ = {
			isa = XCConfigurationList;
			buildConfigurations = (
				88169D2F2ADF0A1B00BAB7D4 /* Debug */,
				88169D302ADF0A1B00BAB7D4 /* Release */,
			);
			defaultConfigurationIsVisible = 0;
			defaultConfigurationName = Release;
		};
/* End XCConfigurationList section */
	};
	rootObject = 88169CFC2ADF0A1700BAB7D4 /* Project object */;
}
